
Microsoft Visual Studio Solution File, Format Version 12.00
# Visual Studio Version 17
VisualStudioVersion = 17.1.32210.238
MinimumVisualStudioVersion = 10.0.40219.1
Project("{9A19103F-16F7-4668-BE54-9A1E7A4F7556}") = "ApiMongoDB", "ApiMongoDB\ApiMongoDB.csproj", "{0AE20D8F-EF18-4798-85E2-D1FFCFDC84A7}"
EndProject
Project("{2150E333-8FDC-42A3-9474-1A3956D46DE8}") = "src", "src", "{4BD5DD5C-E1C0-4230-9C1E-3C18472DA03D}"
EndProject
Project("{2150E333-8FDC-42A3-9474-1A3956D46DE8}") = "tests", "tests", "{3BD6D721-EB4A-46FD-B480-78734215ED7E}"
EndProject
Project("{9A19103F-16F7-4668-BE54-9A1E7A4F7556}") = "ApiMongoDB.Tests", "ApiMongoDB.Tests\ApiMongoDB.Tests.csproj", "{7BEC252E-0088-4DA1-BD0C-7873C7E9512F}"
EndProject
Project("{9A19103F-16F7-4668-BE54-9A1E7A4F7556}") = "ApiMongoDB.Auth", "ApiMongoDB.Auth\ApiMongoDB.Auth.csproj", "{5671FD7A-2501-4243-9A33-08A28294E1C9}"
EndProject
Project("{2150E333-8FDC-42A3-9474-1A3956D46DE8}") = "Solution Items", "Solution Items", "{3668A880-41EB-469B-AB9F-B4B23923D2DF}"
	ProjectSection(SolutionItems) = preProject
		.editorconfig = .editorconfig
	EndProjectSection
EndProject
Global
	GlobalSection(SolutionConfigurationPlatforms) = preSolution
		Debug|Any CPU = Debug|Any CPU
		Release|Any CPU = Release|Any CPU
	EndGlobalSection
	GlobalSection(ProjectConfigurationPlatforms) = postSolution
		{0AE20D8F-EF18-4798-85E2-D1FFCFDC84A7}.Debug|Any CPU.ActiveCfg = Debug|Any CPU
		{0AE20D8F-EF18-4798-85E2-D1FFCFDC84A7}.Debug|Any CPU.Build.0 = Debug|Any CPU
		{0AE20D8F-EF18-4798-85E2-D1FFCFDC84A7}.Release|Any CPU.ActiveCfg = Release|Any CPU
		{0AE20D8F-EF18-4798-85E2-D1FFCFDC84A7}.Release|Any CPU.Build.0 = Release|Any CPU
		{7BEC252E-0088-4DA1-BD0C-7873C7E9512F}.Debug|Any CPU.ActiveCfg = Debug|Any CPU
		{7BEC252E-0088-4DA1-BD0C-7873C7E9512F}.Debug|Any CPU.Build.0 = Debug|Any CPU
		{7BEC252E-0088-4DA1-BD0C-7873C7E9512F}.Release|Any CPU.ActiveCfg = Release|Any CPU
		{7BEC252E-0088-4DA1-BD0C-7873C7E9512F}.Release|Any CPU.Build.0 = Release|Any CPU
		{5671FD7A-2501-4243-9A33-08A28294E1C9}.Debug|Any CPU.ActiveCfg = Debug|Any CPU
		{5671FD7A-2501-4243-9A33-08A28294E1C9}.Debug|Any CPU.Build.0 = Debug|Any CPU
		{5671FD7A-2501-4243-9A33-08A28294E1C9}.Release|Any CPU.ActiveCfg = Release|Any CPU
		{5671FD7A-2501-4243-9A33-08A28294E1C9}.Release|Any CPU.Build.0 = Release|Any CPU
	EndGlobalSection
	GlobalSection(SolutionProperties) = preSolution
		HideSolutionNode = FALSE
	EndGlobalSection
	GlobalSection(NestedProjects) = preSolution
		{0AE20D8F-EF18-4798-85E2-D1FFCFDC84A7} = {4BD5DD5C-E1C0-4230-9C1E-3C18472DA03D}
		{7BEC252E-0088-4DA1-BD0C-7873C7E9512F} = {3BD6D721-EB4A-46FD-B480-78734215ED7E}
		{5671FD7A-2501-4243-9A33-08A28294E1C9} = {4BD5DD5C-E1C0-4230-9C1E-3C18472DA03D}
	EndGlobalSection
	GlobalSection(ExtensibilityGlobals) = postSolution
		SolutionGuid = {071E8E90-5E1A-43C7-9D30-850DA9652224}
	EndGlobalSection
EndGlobal
